
Microsoft Visual Studio Solution File, Format Version 12.00
# Visual Studio Version 17
VisualStudioVersion = 17.5.33530.505
MinimumVisualStudioVersion = 10.0.40219.1
Project("{FAE04EC0-301F-11D3-BF4B-00C04F79EFBC}") = "BigBangAPI", "BigBangAPI\BigBangAPI.csproj", "{28BD4EAA-8A74-4ADE-BCBC-47720F42B6EA}"
EndProject
Global
	GlobalSection(SolutionConfigurationPlatforms) = preSolution
		Debug|Any CPU = Debug|Any CPU
		Release|Any CPU = Release|Any CPU
	EndGlobalSection
	GlobalSection(ProjectConfigurationPlatforms) = postSolution
		{28BD4EAA-8A74-4ADE-BCBC-47720F42B6EA}.Debug|Any CPU.ActiveCfg = Debug|Any CPU
		{28BD4EAA-8A74-4ADE-BCBC-47720F42B6EA}.Debug|Any CPU.Build.0 = Debug|Any CPU
		{28BD4EAA-8A74-4ADE-BCBC-47720F42B6EA}.Release|Any CPU.ActiveCfg = Release|Any CPU
		{28BD4EAA-8A74-4ADE-BCBC-47720F42B6EA}.Release|Any CPU.Build.0 = Release|Any CPU
	EndGlobalSection
	GlobalSection(SolutionProperties) = preSolution
		HideSolutionNode = FALSE
	EndGlobalSection
	GlobalSection(ExtensibilityGlobals) = postSolution
		SolutionGuid = {AC96F504-4088-416D-9069-D51E7E8632A5}
	EndGlobalSection
EndGlobal
